
Microsoft Visual Studio Solution File, Format Version 12.00
# Visual Studio Version 16
VisualStudioVersion = 16.0.32002.261
MinimumVisualStudioVersion = 10.0.40219.1
Project("{FAE04EC0-301F-11D3-BF4B-00C04F79EFBC}") = "PracticeCodes", "PracticeCodes\PracticeCodes.csproj", "{A1371A31-D9B2-4846-A92A-000E55A291CF}"
EndProject
Global
	GlobalSection(SolutionConfigurationPlatforms) = preSolution
		Debug|Any CPU = Debug|Any CPU
		Release|Any CPU = Release|Any CPU
	EndGlobalSection
	GlobalSection(ProjectConfigurationPlatforms) = postSolution
		{A1371A31-D9B2-4846-A92A-000E55A291CF}.Debug|Any CPU.ActiveCfg = Debug|Any CPU
		{A1371A31-D9B2-4846-A92A-000E55A291CF}.Debug|Any CPU.Build.0 = Debug|Any CPU
		{A1371A31-D9B2-4846-A92A-000E55A291CF}.Release|Any CPU.ActiveCfg = Release|Any CPU
		{A1371A31-D9B2-4846-A92A-000E55A291CF}.Release|Any CPU.Build.0 = Release|Any CPU
	EndGlobalSection
	GlobalSection(SolutionProperties) = preSolution
		HideSolutionNode = FALSE
	EndGlobalSection
	GlobalSection(ExtensibilityGlobals) = postSolution
		SolutionGuid = {396A2FF1-F0EA-4C99-8D67-ACEDE74666DE}
	EndGlobalSection
EndGlobal
